
Microsoft Visual Studio Solution File, Format Version 12.00
# Visual Studio Version 17
VisualStudioVersion = 17.13.35931.197
MinimumVisualStudioVersion = 10.0.40219.1
Project("{FAE04EC0-301F-11D3-BF4B-00C04F79EFBC}") = "ChatServer", "ChatServer\ChatServer.csproj", "{FBA80BCF-2AA8-47FA-A5F5-DCD09AA24499}"
EndProject
Project("{FAE04EC0-301F-11D3-BF4B-00C04F79EFBC}") = "ChatClient", "ChatClient\ChatClient.csproj", "{5FA42B8A-32AE-4EDC-A96A-A3C50C4AB48D}"
EndProject
Project("{FAE04EC0-301F-11D3-BF4B-00C04F79EFBC}") = "ChatClient2", "ChatClient2\ChatClient2.csproj", "{0AFE0DB6-6EEB-4B7C-A210-2B9D0C2C0689}"
EndProject
Project("{FAE04EC0-301F-11D3-BF4B-00C04F79EFBC}") = "ChatClient3", "ChatClient3\ChatClient3.csproj", "{2329AF9D-8D0E-4295-93B4-4CB3413F11A5}"
EndProject
Global
	GlobalSection(SolutionConfigurationPlatforms) = preSolution
		Debug|Any CPU = Debug|Any CPU
		Release|Any CPU = Release|Any CPU
	EndGlobalSection
	GlobalSection(ProjectConfigurationPlatforms) = postSolution
		{FBA80BCF-2AA8-47FA-A5F5-DCD09AA24499}.Debug|Any CPU.ActiveCfg = Debug|Any CPU
		{FBA80BCF-2AA8-47FA-A5F5-DCD09AA24499}.Debug|Any CPU.Build.0 = Debug|Any CPU
		{FBA80BCF-2AA8-47FA-A5F5-DCD09AA24499}.Release|Any CPU.ActiveCfg = Release|Any CPU
		{FBA80BCF-2AA8-47FA-A5F5-DCD09AA24499}.Release|Any CPU.Build.0 = Release|Any CPU
		{5FA42B8A-32AE-4EDC-A96A-A3C50C4AB48D}.Debug|Any CPU.ActiveCfg = Debug|Any CPU
		{5FA42B8A-32AE-4EDC-A96A-A3C50C4AB48D}.Debug|Any CPU.Build.0 = Debug|Any CPU
		{5FA42B8A-32AE-4EDC-A96A-A3C50C4AB48D}.Release|Any CPU.ActiveCfg = Release|Any CPU
		{5FA42B8A-32AE-4EDC-A96A-A3C50C4AB48D}.Release|Any CPU.Build.0 = Release|Any CPU
		{0AFE0DB6-6EEB-4B7C-A210-2B9D0C2C0689}.Debug|Any CPU.ActiveCfg = Debug|Any CPU
		{0AFE0DB6-6EEB-4B7C-A210-2B9D0C2C0689}.Debug|Any CPU.Build.0 = Debug|Any CPU
		{0AFE0DB6-6EEB-4B7C-A210-2B9D0C2C0689}.Release|Any CPU.ActiveCfg = Release|Any CPU
		{0AFE0DB6-6EEB-4B7C-A210-2B9D0C2C0689}.Release|Any CPU.Build.0 = Release|Any CPU
		{2329AF9D-8D0E-4295-93B4-4CB3413F11A5}.Debug|Any CPU.ActiveCfg = Debug|Any CPU
		{2329AF9D-8D0E-4295-93B4-4CB3413F11A5}.Debug|Any CPU.Build.0 = Debug|Any CPU
		{2329AF9D-8D0E-4295-93B4-4CB3413F11A5}.Release|Any CPU.ActiveCfg = Release|Any CPU
		{2329AF9D-8D0E-4295-93B4-4CB3413F11A5}.Release|Any CPU.Build.0 = Release|Any CPU
	EndGlobalSection
	GlobalSection(SolutionProperties) = preSolution
		HideSolutionNode = FALSE
	EndGlobalSection
	GlobalSection(ExtensibilityGlobals) = postSolution
		SolutionGuid = {B0E87271-4E23-4EE6-B70E-2139E275A5DD}
	EndGlobalSection
EndGlobal
